
Microsoft Visual Studio Solution File, Format Version 12.00
# Visual Studio Version 17
VisualStudioVersion = 17.3.32901.215
MinimumVisualStudioVersion = 10.0.40219.1
Project("{9A19103F-16F7-4668-BE54-9A1E7A4F7556}") = "DrRest", "DrRest\DrRest.csproj", "{09DD8926-D2CF-4532-B891-D4E12E416328}"
EndProject
Project("{FAE04EC0-301F-11D3-BF4B-00C04F79EFBC}") = "MusicTest", "MusicTest\MusicTest.csproj", "{D976EC21-A66D-49F5-A9D0-A0F02DDEE9E3}"
EndProject
Global
	GlobalSection(SolutionConfigurationPlatforms) = preSolution
		Debug|Any CPU = Debug|Any CPU
		Release|Any CPU = Release|Any CPU
	EndGlobalSection
	GlobalSection(ProjectConfigurationPlatforms) = postSolution
		{09DD8926-D2CF-4532-B891-D4E12E416328}.Debug|Any CPU.ActiveCfg = Debug|Any CPU
		{09DD8926-D2CF-4532-B891-D4E12E416328}.Debug|Any CPU.Build.0 = Debug|Any CPU
		{09DD8926-D2CF-4532-B891-D4E12E416328}.Release|Any CPU.ActiveCfg = Release|Any CPU
		{09DD8926-D2CF-4532-B891-D4E12E416328}.Release|Any CPU.Build.0 = Release|Any CPU
		{D976EC21-A66D-49F5-A9D0-A0F02DDEE9E3}.Debug|Any CPU.ActiveCfg = Debug|Any CPU
		{D976EC21-A66D-49F5-A9D0-A0F02DDEE9E3}.Debug|Any CPU.Build.0 = Debug|Any CPU
		{D976EC21-A66D-49F5-A9D0-A0F02DDEE9E3}.Release|Any CPU.ActiveCfg = Release|Any CPU
		{D976EC21-A66D-49F5-A9D0-A0F02DDEE9E3}.Release|Any CPU.Build.0 = Release|Any CPU
	EndGlobalSection
	GlobalSection(SolutionProperties) = preSolution
		HideSolutionNode = FALSE
	EndGlobalSection
	GlobalSection(ExtensibilityGlobals) = postSolution
		SolutionGuid = {89FE7C19-5F84-47AD-BE21-7D69AB1919E3}
	EndGlobalSection
EndGlobal
